
Microsoft Visual Studio Solution File, Format Version 12.00
# Visual Studio 15
Project("{FAE04EC0-301F-11D3-BF4B-00C04F79EFBC}") = "Boxophobic.Utils.Editor", "Boxophobic.Utils.Editor.csproj", "{010B8930-C81D-C0CB-E12F-B68DF6CD52BE}"
EndProject
Project("{FAE04EC0-301F-11D3-BF4B-00C04F79EFBC}") = "Assembly-CSharp", "Assembly-CSharp.csproj", "{68669AC1-C41B-8812-2445-1A8F7B5544F3}"
EndProject
Project("{FAE04EC0-301F-11D3-BF4B-00C04F79EFBC}") = "Boxophobic.SkyboxCubemapExtended.Editor", "Boxophobic.SkyboxCubemapExtended.Editor.csproj", "{BFA9CB72-E336-EC2A-C1F0-FBED60F15CCD}"
EndProject
Project("{FAE04EC0-301F-11D3-BF4B-00C04F79EFBC}") = "Unity.XR.Management.Samples", "Unity.XR.Management.Samples.csproj", "{55E27EF4-C65F-F7A2-384A-51A03829AD18}"
EndProject
Project("{FAE04EC0-301F-11D3-BF4B-00C04F79EFBC}") = "Unity.XR.Management.Samples.Editor", "Unity.XR.Management.Samples.Editor.csproj", "{521AF90B-ED36-04CD-AB48-52D2F2666524}"
EndProject
Project("{FAE04EC0-301F-11D3-BF4B-00C04F79EFBC}") = "Boxophobic.Utils.Scripts", "Boxophobic.Utils.Scripts.csproj", "{AAF8A0EB-DB06-CA5C-98C0-DBFD4F5156AD}"
EndProject
Project("{FAE04EC0-301F-11D3-BF4B-00C04F79EFBC}") = "Assembly-CSharp-Editor", "Assembly-CSharp-Editor.csproj", "{76351066-1321-C0D3-1FE0-D105D202AFB6}"
EndProject
Project("{FAE04EC0-301F-11D3-BF4B-00C04F79EFBC}") = "Unity.XR.Hands.Samples.VisualizerSample", "Unity.XR.Hands.Samples.VisualizerSample.csproj", "{B3BD7782-DB1B-AD47-77F2-CFDF11BBE0E5}"
EndProject
Global
	GlobalSection(SolutionConfigurationPlatforms) = preSolution
		Debug|Any CPU = Debug|Any CPU
		Release|Any CPU = Release|Any CPU
	EndGlobalSection
	GlobalSection(ProjectConfigurationPlatforms) = postSolution
		{010B8930-C81D-C0CB-E12F-B68DF6CD52BE}.Debug|Any CPU.ActiveCfg = Debug|Any CPU
		{010B8930-C81D-C0CB-E12F-B68DF6CD52BE}.Debug|Any CPU.Build.0 = Debug|Any CPU
		{010B8930-C81D-C0CB-E12F-B68DF6CD52BE}.Release|Any CPU.ActiveCfg = Release|Any CPU
		{010B8930-C81D-C0CB-E12F-B68DF6CD52BE}.Release|Any CPU.Build.0 = Release|Any CPU
		{68669AC1-C41B-8812-2445-1A8F7B5544F3}.Debug|Any CPU.ActiveCfg = Debug|Any CPU
		{68669AC1-C41B-8812-2445-1A8F7B5544F3}.Debug|Any CPU.Build.0 = Debug|Any CPU
		{68669AC1-C41B-8812-2445-1A8F7B5544F3}.Release|Any CPU.ActiveCfg = Release|Any CPU
		{68669AC1-C41B-8812-2445-1A8F7B5544F3}.Release|Any CPU.Build.0 = Release|Any CPU
		{BFA9CB72-E336-EC2A-C1F0-FBED60F15CCD}.Debug|Any CPU.ActiveCfg = Debug|Any CPU
		{BFA9CB72-E336-EC2A-C1F0-FBED60F15CCD}.Debug|Any CPU.Build.0 = Debug|Any CPU
		{BFA9CB72-E336-EC2A-C1F0-FBED60F15CCD}.Release|Any CPU.ActiveCfg = Release|Any CPU
		{BFA9CB72-E336-EC2A-C1F0-FBED60F15CCD}.Release|Any CPU.Build.0 = Release|Any CPU
		{55E27EF4-C65F-F7A2-384A-51A03829AD18}.Debug|Any CPU.ActiveCfg = Debug|Any CPU
		{55E27EF4-C65F-F7A2-384A-51A03829AD18}.Debug|Any CPU.Build.0 = Debug|Any CPU
		{55E27EF4-C65F-F7A2-384A-51A03829AD18}.Release|Any CPU.ActiveCfg = Release|Any CPU
		{55E27EF4-C65F-F7A2-384A-51A03829AD18}.Release|Any CPU.Build.0 = Release|Any CPU
		{521AF90B-ED36-04CD-AB48-52D2F2666524}.Debug|Any CPU.ActiveCfg = Debug|Any CPU
		{521AF90B-ED36-04CD-AB48-52D2F2666524}.Debug|Any CPU.Build.0 = Debug|Any CPU
		{521AF90B-ED36-04CD-AB48-52D2F2666524}.Release|Any CPU.ActiveCfg = Release|Any CPU
		{521AF90B-ED36-04CD-AB48-52D2F2666524}.Release|Any CPU.Build.0 = Release|Any CPU
		{AAF8A0EB-DB06-CA5C-98C0-DBFD4F5156AD}.Debug|Any CPU.ActiveCfg = Debug|Any CPU
		{AAF8A0EB-DB06-CA5C-98C0-DBFD4F5156AD}.Debug|Any CPU.Build.0 = Debug|Any CPU
		{AAF8A0EB-DB06-CA5C-98C0-DBFD4F5156AD}.Release|Any CPU.ActiveCfg = Release|Any CPU
		{AAF8A0EB-DB06-CA5C-98C0-DBFD4F5156AD}.Release|Any CPU.Build.0 = Release|Any CPU
		{76351066-1321-C0D3-1FE0-D105D202AFB6}.Debug|Any CPU.ActiveCfg = Debug|Any CPU
		{76351066-1321-C0D3-1FE0-D105D202AFB6}.Debug|Any CPU.Build.0 = Debug|Any CPU
		{76351066-1321-C0D3-1FE0-D105D202AFB6}.Release|Any CPU.ActiveCfg = Release|Any CPU
		{76351066-1321-C0D3-1FE0-D105D202AFB6}.Release|Any CPU.Build.0 = Release|Any CPU
		{B3BD7782-DB1B-AD47-77F2-CFDF11BBE0E5}.Debug|Any CPU.ActiveCfg = Debug|Any CPU
		{B3BD7782-DB1B-AD47-77F2-CFDF11BBE0E5}.Debug|Any CPU.Build.0 = Debug|Any CPU
		{B3BD7782-DB1B-AD47-77F2-CFDF11BBE0E5}.Release|Any CPU.ActiveCfg = Release|Any CPU
		{B3BD7782-DB1B-AD47-77F2-CFDF11BBE0E5}.Release|Any CPU.Build.0 = Release|Any CPU
	EndGlobalSection
	GlobalSection(SolutionProperties) = preSolution
		HideSolutionNode = FALSE
	EndGlobalSection
EndGlobal
